
Microsoft Visual Studio Solution File, Format Version 12.00
# Visual Studio 15
VisualStudioVersion = 15.0.27004.2002
MinimumVisualStudioVersion = 10.0.40219.1
Project("{8BC9CEB8-8B4A-11D0-8D11-00A0C91BC942}") = "log4cpp", "log4cpp\log4cpp.vcxproj", "{1CF09EC7-21F1-4122-9509-9598F3209AFC}"
EndProject
Project("{8BC9CEB8-8B4A-11D0-8D11-00A0C91BC942}") = "log4cpp-test", "log4cpp-test\log4cpp-test.vcxproj", "{CDC700EB-C8F2-4BE4-823F-C9440F5EFCC6}"
	ProjectSection(ProjectDependencies) = postProject
		{1CF09EC7-21F1-4122-9509-9598F3209AFC} = {1CF09EC7-21F1-4122-9509-9598F3209AFC}
	EndProjectSection
EndProject
Project("{8BC9CEB8-8B4A-11D0-8D11-00A0C91BC942}") = "log4cpplib", "log4cpplib\log4cpplib.vcxproj", "{5C9B2DF1-CD40-4735-9D04-ECC1F136831D}"
EndProject
Project("{8BC9CEB8-8B4A-11D0-8D11-00A0C91BC942}") = "log4cpplib-test", "log4cpplib-test\log4cpplib-test.vcxproj", "{CD4F483D-B562-4489-980F-2956BC33AFE9}"
	ProjectSection(ProjectDependencies) = postProject
		{5C9B2DF1-CD40-4735-9D04-ECC1F136831D} = {5C9B2DF1-CD40-4735-9D04-ECC1F136831D}
	EndProjectSection
EndProject
Global
	GlobalSection(SolutionConfigurationPlatforms) = preSolution
		Debug|Win32 = Debug|Win32
		Debug|x64 = Debug|x64
		Release|Win32 = Release|Win32
		Release|x64 = Release|x64
	EndGlobalSection
	GlobalSection(ProjectConfigurationPlatforms) = postSolution
		{1CF09EC7-21F1-4122-9509-9598F3209AFC}.Debug|Win32.ActiveCfg = Debug|Win32
		{1CF09EC7-21F1-4122-9509-9598F3209AFC}.Debug|Win32.Build.0 = Debug|Win32
		{1CF09EC7-21F1-4122-9509-9598F3209AFC}.Debug|Win32.Deploy.0 = Debug|Win32
		{1CF09EC7-21F1-4122-9509-9598F3209AFC}.Debug|x64.ActiveCfg = Debug|x64
		{1CF09EC7-21F1-4122-9509-9598F3209AFC}.Debug|x64.Build.0 = Debug|x64
		{1CF09EC7-21F1-4122-9509-9598F3209AFC}.Release|Win32.ActiveCfg = Release|Win32
		{1CF09EC7-21F1-4122-9509-9598F3209AFC}.Release|Win32.Build.0 = Release|Win32
		{1CF09EC7-21F1-4122-9509-9598F3209AFC}.Release|Win32.Deploy.0 = Release|Win32
		{1CF09EC7-21F1-4122-9509-9598F3209AFC}.Release|x64.ActiveCfg = Release|x64
		{1CF09EC7-21F1-4122-9509-9598F3209AFC}.Release|x64.Build.0 = Release|x64
		{CDC700EB-C8F2-4BE4-823F-C9440F5EFCC6}.Debug|Win32.ActiveCfg = Debug|Win32
		{CDC700EB-C8F2-4BE4-823F-C9440F5EFCC6}.Debug|Win32.Build.0 = Debug|Win32
		{CDC700EB-C8F2-4BE4-823F-C9440F5EFCC6}.Debug|Win32.Deploy.0 = Debug|Win32
		{CDC700EB-C8F2-4BE4-823F-C9440F5EFCC6}.Debug|x64.ActiveCfg = Debug|x64
		{CDC700EB-C8F2-4BE4-823F-C9440F5EFCC6}.Debug|x64.Build.0 = Debug|x64
		{CDC700EB-C8F2-4BE4-823F-C9440F5EFCC6}.Release|Win32.ActiveCfg = Release|Win32
		{CDC700EB-C8F2-4BE4-823F-C9440F5EFCC6}.Release|Win32.Build.0 = Release|Win32
		{CDC700EB-C8F2-4BE4-823F-C9440F5EFCC6}.Release|Win32.Deploy.0 = Release|Win32
		{CDC700EB-C8F2-4BE4-823F-C9440F5EFCC6}.Release|x64.ActiveCfg = Release|x64
		{CDC700EB-C8F2-4BE4-823F-C9440F5EFCC6}.Release|x64.Build.0 = Release|x64
		{5C9B2DF1-CD40-4735-9D04-ECC1F136831D}.Debug|Win32.ActiveCfg = Debug|Win32
		{5C9B2DF1-CD40-4735-9D04-ECC1F136831D}.Debug|Win32.Build.0 = Debug|Win32
		{5C9B2DF1-CD40-4735-9D04-ECC1F136831D}.Debug|x64.ActiveCfg = Debug|x64
		{5C9B2DF1-CD40-4735-9D04-ECC1F136831D}.Debug|x64.Build.0 = Debug|x64
		{5C9B2DF1-CD40-4735-9D04-ECC1F136831D}.Release|Win32.ActiveCfg = Release|Win32
		{5C9B2DF1-CD40-4735-9D04-ECC1F136831D}.Release|Win32.Build.0 = Release|Win32
		{5C9B2DF1-CD40-4735-9D04-ECC1F136831D}.Release|x64.ActiveCfg = Release|x64
		{5C9B2DF1-CD40-4735-9D04-ECC1F136831D}.Release|x64.Build.0 = Release|x64
		{CD4F483D-B562-4489-980F-2956BC33AFE9}.Debug|Win32.ActiveCfg = Debug|Win32
		{CD4F483D-B562-4489-980F-2956BC33AFE9}.Debug|Win32.Build.0 = Debug|Win32
		{CD4F483D-B562-4489-980F-2956BC33AFE9}.Debug|x64.ActiveCfg = Debug|x64
		{CD4F483D-B562-4489-980F-2956BC33AFE9}.Debug|x64.Build.0 = Debug|x64
		{CD4F483D-B562-4489-980F-2956BC33AFE9}.Release|Win32.ActiveCfg = Release|Win32
		{CD4F483D-B562-4489-980F-2956BC33AFE9}.Release|Win32.Build.0 = Release|Win32
		{CD4F483D-B562-4489-980F-2956BC33AFE9}.Release|x64.ActiveCfg = Release|x64
		{CD4F483D-B562-4489-980F-2956BC33AFE9}.Release|x64.Build.0 = Release|x64
	EndGlobalSection
	GlobalSection(SolutionProperties) = preSolution
		HideSolutionNode = FALSE
	EndGlobalSection
	GlobalSection(ExtensibilityGlobals) = postSolution
		SolutionGuid = {F5C62FC8-2235-4D8D-BEEF-FB9F2737BF3C}
	EndGlobalSection
EndGlobal
