
Microsoft Visual Studio Solution File, Format Version 12.00
# Visual Studio 15
VisualStudioVersion = 15.0.27004.2002
MinimumVisualStudioVersion = 10.0.40219.1
Project("{8BC9CEB8-8B4A-11D0-8D11-00A0C91BC942}") = "log4cpp", "log4cpp\log4cpp.vcxproj", "{1CF09EC7-21F1-4122-9509-9598F3209AFC}"
EndProject
Project("{8BC9CEB8-8B4A-11D0-8D11-00A0C91BC942}") = "log4cpp-test", "log4cpp-test\log4cpp-test.vcxproj", "{CDC700EB-C8F2-4BE4-823F-C9440F5EFCC6}"
	ProjectSection(ProjectDependencies) = postProject
		{1CF09EC7-21F1-4122-9509-9598F3209AFC} = {1CF09EC7-21F1-4122-9509-9598F3209AFC}
	EndProjectSection
EndProject
Global
	GlobalSection(SolutionConfigurationPlatforms) = preSolution
		Debug|x64 = Debug|x64
		Debug|x86 = Debug|x86
		Release|x64 = Release|x64
		Release|x86 = Release|x86
	EndGlobalSection
	GlobalSection(ProjectConfigurationPlatforms) = postSolution
		{1CF09EC7-21F1-4122-9509-9598F3209AFC}.Debug|x64.ActiveCfg = Debug|x64
		{1CF09EC7-21F1-4122-9509-9598F3209AFC}.Debug|x64.Build.0 = Debug|x64
		{1CF09EC7-21F1-4122-9509-9598F3209AFC}.Debug|x86.ActiveCfg = Debug|Win32
		{1CF09EC7-21F1-4122-9509-9598F3209AFC}.Debug|x86.Build.0 = Debug|Win32
		{1CF09EC7-21F1-4122-9509-9598F3209AFC}.Release|x64.ActiveCfg = Release|x64
		{1CF09EC7-21F1-4122-9509-9598F3209AFC}.Release|x64.Build.0 = Release|x64
		{1CF09EC7-21F1-4122-9509-9598F3209AFC}.Release|x86.ActiveCfg = Release|Win32
		{1CF09EC7-21F1-4122-9509-9598F3209AFC}.Release|x86.Build.0 = Release|Win32
		{CDC700EB-C8F2-4BE4-823F-C9440F5EFCC6}.Debug|x64.ActiveCfg = Debug|x64
		{CDC700EB-C8F2-4BE4-823F-C9440F5EFCC6}.Debug|x64.Build.0 = Debug|x64
		{CDC700EB-C8F2-4BE4-823F-C9440F5EFCC6}.Debug|x86.ActiveCfg = Debug|Win32
		{CDC700EB-C8F2-4BE4-823F-C9440F5EFCC6}.Debug|x86.Build.0 = Debug|Win32
		{CDC700EB-C8F2-4BE4-823F-C9440F5EFCC6}.Release|x64.ActiveCfg = Release|x64
		{CDC700EB-C8F2-4BE4-823F-C9440F5EFCC6}.Release|x64.Build.0 = Release|x64
		{CDC700EB-C8F2-4BE4-823F-C9440F5EFCC6}.Release|x86.ActiveCfg = Release|Win32
		{CDC700EB-C8F2-4BE4-823F-C9440F5EFCC6}.Release|x86.Build.0 = Release|Win32
	EndGlobalSection
	GlobalSection(SolutionProperties) = preSolution
		HideSolutionNode = FALSE
	EndGlobalSection
	GlobalSection(ExtensibilityGlobals) = postSolution
		SolutionGuid = {F5C62FC8-2235-4D8D-BEEF-FB9F2737BF3C}
	EndGlobalSection
EndGlobal
